
Microsoft Visual Studio Solution File, Format Version 12.00
# Visual Studio Version 17
VisualStudioVersion = 17.14.36511.14 d17.14
MinimumVisualStudioVersion = 10.0.40219.1
Project("{FAE04EC0-301F-11D3-BF4B-00C04F79EFBC}") = "Portfolio", "Portfolio.csproj", "{377CF55A-F61E-486C-B9F2-08B25DA48E5D}"
EndProject
Global
	GlobalSection(SolutionConfigurationPlatforms) = preSolution
		Debug|Any CPU = Debug|Any CPU
		Release|Any CPU = Release|Any CPU
	EndGlobalSection
	GlobalSection(ProjectConfigurationPlatforms) = postSolution
		{377CF55A-F61E-486C-B9F2-08B25DA48E5D}.Debug|Any CPU.ActiveCfg = Debug|Any CPU
		{377CF55A-F61E-486C-B9F2-08B25DA48E5D}.Debug|Any CPU.Build.0 = Debug|Any CPU
		{377CF55A-F61E-486C-B9F2-08B25DA48E5D}.Release|Any CPU.ActiveCfg = Release|Any CPU
		{377CF55A-F61E-486C-B9F2-08B25DA48E5D}.Release|Any CPU.Build.0 = Release|Any CPU
	EndGlobalSection
	GlobalSection(SolutionProperties) = preSolution
		HideSolutionNode = FALSE
	EndGlobalSection
	GlobalSection(ExtensibilityGlobals) = postSolution
		SolutionGuid = {364F1E60-A6C9-463B-B7A9-13A61E525B47}
	EndGlobalSection
EndGlobal
